
Microsoft Visual Studio Solution File, Format Version 12.00
# Visual Studio Version 16
VisualStudioVersion = 16.0.28803.352
MinimumVisualStudioVersion = 10.0.40219.1
Project("{FAE04EC0-301F-11D3-BF4B-00C04F79EFBC}") = "Wpf.Masterclass.MyNotesApp", "Wpf.Masterclass.MyNotesApp\Wpf.Masterclass.MyNotesApp.csproj", "{13189AF7-87E3-4095-9E87-EA08FD33B83C}"
EndProject
Global
	GlobalSection(SolutionConfigurationPlatforms) = preSolution
		Debug|Any CPU = Debug|Any CPU
		Release|Any CPU = Release|Any CPU
	EndGlobalSection
	GlobalSection(ProjectConfigurationPlatforms) = postSolution
		{13189AF7-87E3-4095-9E87-EA08FD33B83C}.Debug|Any CPU.ActiveCfg = Debug|Any CPU
		{13189AF7-87E3-4095-9E87-EA08FD33B83C}.Debug|Any CPU.Build.0 = Debug|Any CPU
		{13189AF7-87E3-4095-9E87-EA08FD33B83C}.Release|Any CPU.ActiveCfg = Release|Any CPU
		{13189AF7-87E3-4095-9E87-EA08FD33B83C}.Release|Any CPU.Build.0 = Release|Any CPU
	EndGlobalSection
	GlobalSection(SolutionProperties) = preSolution
		HideSolutionNode = FALSE
	EndGlobalSection
	GlobalSection(ExtensibilityGlobals) = postSolution
		SolutionGuid = {07B43611-3BF8-4CDE-81EA-6C8509CCDF66}
	EndGlobalSection
EndGlobal
